# Python 3.12, macOS arm64. Versions from the locally verified V1 environment.
# SHA256 values from PyPI release metadata; compatible wheels and source archives.
# Upstream transkun metadata still requires several training/plotting dependencies.
absl-py==2.4.0 --hash=sha256:88476fd881ca8aab94ffa78b7b6c632a782ab3ba1cd19c9bd423abc4fb4cd28d --hash=sha256:8c6af82722b35cf71e0f4d1d47dcaebfff286e27110a99fc359349b247dfb5d4
contourpy==1.3.3 --hash=sha256:083e12155b210502d0bca491432bb04d56dc3432f95a979b429f2848c3dbe880 --hash=sha256:556dba8fb6f5d8742f2923fe9457dbdd51e1049c4a43fd3986a0b14a1d815fc6
cycler==0.12.1 --hash=sha256:85cef7cff222d8644161529808465972e51340599459b8ac3ccbac5a854e0d30 --hash=sha256:88bb128f02ba341da8ef447245a9e138fae777f6a23943da4540077d3601eb1c
decorator==5.2.1 --hash=sha256:65f266143752f734b0a7cc83c46f4618af75b8c5911b00ccb61d0ac9b6da0360 --hash=sha256:d316bb415a2d9e2d2b3abcc4084c6502fc09240e292cd76a76afc106a1c8e04a
filelock==3.29.0 --hash=sha256:69974355e960702e789734cb4871f884ea6fe50bd8404051a3530bc07809cf90 --hash=sha256:96f5f6344709aa1572bbf631c640e4ebeeb519e08da902c39a001882f30ac258
fonttools==4.62.1 --hash=sha256:7487782e2113861f4ddcc07c3436450659e3caa5e470b27dc2177cade2d8e7fd --hash=sha256:90365821debbd7db678809c7491ca4acd1e0779b9624cdc6ddaf1f31992bf974 --hash=sha256:e54c75fd6041f1122476776880f7c3c3295ffa31962dc6ebe2543c00dca58b5d
fsspec==2026.4.0 --hash=sha256:11ef7bb35dab8a394fde6e608221d5cf3e8499401c249bebaeaad760a1a8dec2 --hash=sha256:301d8ac70ae90ef3ad05dcf94d6c3754a097f9b5fe4667d2787aa359ec7df7e4
grpcio==1.80.0 --hash=sha256:29aca15edd0688c22ba01d7cc01cb000d72b2033f4a3c72a81a19b56fd143257 --hash=sha256:f49eddcac43c3bf350c0385366a58f36bed8cc2c0ec35ef7b74b49e56552c0c2
importlib-resources==7.1.0 --hash=sha256:0722d4c6212489c530f2a145a34c0a7a3b4721bc96a15fada5930e2a0b760708 --hash=sha256:1bd7b48b4088eddb2cd16382150bb515af0bd2c70128194392725f82ad2c96a1
jinja2==3.1.6 --hash=sha256:0137fb05990d35f1275a587e9aee6d56da821fc83491a0fb838183be43f66d6d --hash=sha256:85ece4451f492d0c13c5dd7c13a64681a86afae63a5f347908daf103ce6d2f67
kiwisolver==1.5.0 --hash=sha256:4e9750bc21b886308024f8a54ccb9a2cc38ac9fa813bf4348434e3d54f337ff9 --hash=sha256:d4193f3d9dc3f6f79aaed0e5637f45d98850ebf01f7ca20e69457f3e8946b66a --hash=sha256:ed3a984b31da7481b103f68776f7128a89ef26ed40f4dc41a2223cda7fb24819
markdown==3.10.2 --hash=sha256:994d51325d25ad8aa7ce4ebaec003febcce822c3f8c911e3b17c52f7f589f950 --hash=sha256:e91464b71ae3ee7afd3017d9f358ef0baf158fd9a298db92f1d4761133824c36
markupsafe==3.0.3 --hash=sha256:1872df69a4de6aead3491198eaf13810b565bdbeec3ae2dc8780f14458ec73ce --hash=sha256:722695808f4b6457b320fdc131280796bdceb04ab50fe1795cd540799ebe1698
matplotlib==3.10.9 --hash=sha256:41cb28c2bd769aa3e98322c6ab09854cbcc52ab69d2759d681bba3e327b2b320 --hash=sha256:fd66508e8c6877d98e586654b608a0456db8d7e8a546eb1e2600efd957302358
mido==1.3.3 --hash=sha256:01033c9b10b049e4436fca2762194ca839b09a4334091dd3c34e7f4ae674fd8a --hash=sha256:1aecb30b7f282404f17e43768cbf74a6a31bf22b3b783bdd117a1ce9d22cb74c
mir-eval==0.8.2 --hash=sha256:114cda33d8e17408c170598e0b36ed0d71ff4a2fee8eaf9e165b58ecf1c87170 --hash=sha256:141a3e1193276889fc32e911547e73dcb3e829ee8cfea60f7bbcd633c0792569
moduleconf==0.1.4 --hash=sha256:47fd48f5cd566e3ab198106a66dfbe63e4b9eae924f8db58d66df7aba25e5c39
mpmath==1.3.0 --hash=sha256:7a28eb2a9774d00c7bc92411c19a89209d5da7c4c9a9e227be8330a23a25b91f --hash=sha256:a0b2b9fe80bbcd81a6647ff13108738cfb482d481d826cc0e02f5b35e5c88d2c
ncls==0.0.70 --hash=sha256:3df775f4274a8b9d3e6be778e9df122d14b64bb4c3dd3511b714c9e7e9d0b347 --hash=sha256:7d16634a8f57fa79659e9ae7e5cc6edd1e02d5acb0eb57128dbed03e9f4fdd9c
networkx==3.6.1 --hash=sha256:26b7c357accc0c8cde558ad486283728b65b6a95d85ee1cd66bafab4c8168509 --hash=sha256:d47fbf302e7d9cbbb9e2555a0d267983d2aa476bac30e90dfbe5669bd57f3762
numpy==2.4.4 --hash=sha256:23cbfd4c17357c81021f21540da84ee282b9c8fba38a03b7b9d09ba6b951421e --hash=sha256:2d390634c5182175533585cc89f3608a4682ccb173cc9bb940b2881c8d6f8fa0 --hash=sha256:8b3b60bb7cba2c8c81837661c488637eee696f59a877788a396d33150c35d842
packaging==26.2 --hash=sha256:5fc45236b9446107ff2415ce77c807cee2862cb6fac22b8a73826d0693b0980e --hash=sha256:ff452ff5a3e828ce110190feff1178bb1f2ea2281fa2075aadb987c2fb221661
pandas==3.0.2 --hash=sha256:970762605cff1ca0d3f71ed4f3a769ea8f85fc8e6348f6e110b8fea7e6eb5a14 --hash=sha256:f4753e73e34c8d83221ba58f232433fca2748be8b18dbca02d242ed153945043
pillow==12.2.0 --hash=sha256:a830b1a40919539d07806aa58e1b114df53ddd43213d9c8b75847eee6c0182b5 --hash=sha256:f3f40b3c5a968281fd507d519e444c35f0ff171237f4fdde090dd60699458421
pretty-midi==0.2.11 --hash=sha256:dda81d643f71a0e91843a8644b312c0380237f1e63d5c6188225785c8d58cc67
protobuf==7.34.1 --hash=sha256:9ce42245e704cc5027be797c1db1eb93184d44d1cdd71811fb2d9b25ad541280 --hash=sha256:bb3812cd53aefea2b028ef42bd780f5b96407247f20c6ef7c679807e9d188f11 --hash=sha256:d8b2cc79c4d8f62b293ad9b11ec3aebce9af481fa73e64556969f7345ebf9fc7
pydub==0.25.1 --hash=sha256:65617e33033874b59d87db603aa1ed450633288aefead953b30bded59cb599a6 --hash=sha256:980a33ce9949cab2a569606b65674d748ecbca4f0796887fd6f46173a7b0d30f
pyparsing==3.3.2 --hash=sha256:850ba148bd908d7e2411587e247a1e4f0327839c40e2e5e6d05a007ecc69911d --hash=sha256:c777f4d763f140633dcb6d8a3eda953bf7a214dc4eff598413c070bcdc117cbc
python-dateutil==2.9.0.post0 --hash=sha256:37dd54208da7e1cd875388217d5e00ebd4179249f90fb72437e91a35459a0ad3 --hash=sha256:a8b2bc7bffae282281c8140a97d3aa9c14da0b136dfe83f850eea9a5f7470427
pytorch-ranger==0.1.1 --hash=sha256:1e69156c9cc8439185cb8ba4725b18c91947fbe72743e25aca937da8aeb0c8ec --hash=sha256:aa7115431cef11b57d7dd7bc86e7302a911dae467f62ec5d0b10e1ff744875db
scipy==1.17.1 --hash=sha256:95d8e012d8cb8816c226aef832200b1d45109ed4464303e997c5b13122b297c0 --hash=sha256:cc90d2e9c7e5c7f1a482c9875007c095c3194b1cfedca3c2f3291cdc2bc7c086 --hash=sha256:fcb310ddb270a06114bb64bbe53c94926b943f5b7f0842194d585c65eb4edd76
seaborn==0.13.2 --hash=sha256:636f8336facf092165e27924f223d3c62ca560b1f2bb5dff7ab7fad265361987 --hash=sha256:93e60a40988f4d65e9f4885df477e2fdaff6b73a9ded434c1ab356dd57eefff7
setuptools==81.0.0 --hash=sha256:487b53915f52501f0a79ccfd0c02c165ffe06631443a886740b91af4b7a5845a --hash=sha256:fdd925d5c5d9f62e4b74b30d6dd7828ce236fd6ed998a08d81de62ce5a6310d6
six==1.17.0 --hash=sha256:4721f391ed90541fddacab5acf947aa0d3dc7d27b2e1e8eda2be8970586c3274 --hash=sha256:ff70335d468e7eb6ec65b95b99d3a2836546063f63acc5171de367e834932a81
sox==1.5.0 --hash=sha256:12c7be5bb1f548d891fe11e82c08cf5f1a1d74e225298f60082e5aeb2469ada0
soxr==1.1.0 --hash=sha256:9f228ae21c78fa9359ca98d8a5e8e91f30639e438e574133dace62c5b5309e44 --hash=sha256:d6a7ad82b8d5f3fcc04b1d2ca055562b96af571e1d4fa7c6c61d0fb509ac43b4
sympy==1.14.0 --hash=sha256:d3d3fe8df1e5a0b42f0e7bdf50541697dbe7d23746e894990c030e2b05e72517 --hash=sha256:e091cc3e99d2141a0ba2847328f5479b05d94a6635cb96148ccb3f34671bd8f5
tensorboard==2.20.0 --hash=sha256:9dc9f978cb84c0723acf9a345d96c184f0293d18f166bb8d59ee098e6cfaaba6
tensorboard-data-server==0.7.2 --hash=sha256:7e0610d205889588983836ec05dc098e80f97b7e7bbff7e994ebb78f578d0ddb
torch==2.11.0 --hash=sha256:4b5866312ee6e52ea625cd211dcb97d6a2cdc1131a5f15cc0d87eec948f6dd34
torch-optimizer==0.3.0 --hash=sha256:7de8e57315e43561cdd0370a1b67303cc8ef1b053f9b5573de629a62390f2af9 --hash=sha256:b2180629df9d6cd7a2aeabe71fa4a872bba938e8e275965092568cd9931b924c
torchaudio==2.11.0 --hash=sha256:a1cf1acc883bee9cb906a933572fed6a8a933f86ef34e9ea7d803f72317e8c1b
tqdm==4.67.3 --hash=sha256:7d825f03f89244ef73f1d4ce193cb1774a8179fd96f31d7e1dcde62092b960bb --hash=sha256:ee1e4c0e59148062281c49d80b25b67771a127c85fc9676d3be5f243206826bf
transkun==2.0.1 --hash=sha256:7d7f5bf88b0d21f7da0415b089cff3bcbcbdda04e1a3c9719964947942c859fe
typing-extensions==4.15.0 --hash=sha256:0cea48d173cc12fa28ecabc3b837ea3cf6f38c6d1136f85cbaaf598984861466 --hash=sha256:f0fa19c6845758ab08074a0cfa8b7aecb71c999ca73d62883bc25cc018c4e548
werkzeug==3.1.8 --hash=sha256:63a77fb8892bf28ebc3178683445222aa500e48ebad5ec77b0ad80f8726b1f50 --hash=sha256:9bad61a4268dac112f1c5cd4630a56ede601b6ed420300677a869083d70a4c44
