// !$*UTF8*$!
{
	archiveVersion = 1;
	classes = {
	};
	objectVersion = 56;
	objects = {

/* Begin PBXBuildFile section */
		000000000000000000000101 /* PianoTranscribeApp.swift in Sources */ = {isa = PBXBuildFile; fileRef = 000000000000000000000201 /* PianoTranscribeApp.swift */; };
		000000000000000000000102 /* TranscriptionStatus.swift in Sources */ = {isa = PBXBuildFile; fileRef = 000000000000000000000202 /* TranscriptionStatus.swift */; };
		000000000000000000000103 /* TranscriptionJob.swift in Sources */ = {isa = PBXBuildFile; fileRef = 000000000000000000000203 /* TranscriptionJob.swift */; };
		000000000000000000000104 /* TranskunDevice.swift in Sources */ = {isa = PBXBuildFile; fileRef = 000000000000000000000204 /* TranskunDevice.swift */; };
		000000000000000000000117 /* OutputDestinationMode.swift in Sources */ = {isa = PBXBuildFile; fileRef = 000000000000000000000217 /* OutputDestinationMode.swift */; };
		000000000000000000000118 /* TranskunCheckpoint.swift in Sources */ = {isa = PBXBuildFile; fileRef = 000000000000000000000218 /* TranskunCheckpoint.swift */; };
			000000000000000000000105 /* ProcessRunner.swift in Sources */ = {isa = PBXBuildFile; fileRef = 000000000000000000000205 /* ProcessRunner.swift */; };
		000000000000000000000106 /* FileAccess.swift in Sources */ = {isa = PBXBuildFile; fileRef = 000000000000000000000206 /* FileAccess.swift */; };
		000000000000000000000107 /* PythonBackendManager.swift in Sources */ = {isa = PBXBuildFile; fileRef = 000000000000000000000207 /* PythonBackendManager.swift */; };
		000000000000000000000108 /* TranscriptionService.swift in Sources */ = {isa = PBXBuildFile; fileRef = 000000000000000000000208 /* TranscriptionService.swift */; };
		000000000000000000000109 /* AppModel.swift in Sources */ = {isa = PBXBuildFile; fileRef = 000000000000000000000209 /* AppModel.swift */; };
		000000000000000000000110 /* SupportedAudioTypes.swift in Sources */ = {isa = PBXBuildFile; fileRef = 000000000000000000000210 /* SupportedAudioTypes.swift */; };
		000000000000000000000111 /* Locking.swift in Sources */ = {isa = PBXBuildFile; fileRef = 000000000000000000000211 /* Locking.swift */; };
		000000000000000000000112 /* ContentView.swift in Sources */ = {isa = PBXBuildFile; fileRef = 000000000000000000000212 /* ContentView.swift */; };
		000000000000000000000113 /* DropZoneView.swift in Sources */ = {isa = PBXBuildFile; fileRef = 000000000000000000000213 /* DropZoneView.swift */; };
		000000000000000000000114 /* StatusView.swift in Sources */ = {isa = PBXBuildFile; fileRef = 000000000000000000000214 /* StatusView.swift */; };
		000000000000000000000115 /* LogView.swift in Sources */ = {isa = PBXBuildFile; fileRef = 000000000000000000000215 /* LogView.swift */; };
		000000000000000000000116 /* SettingsView.swift in Sources */ = {isa = PBXBuildFile; fileRef = 000000000000000000000216 /* SettingsView.swift */; };
		000000000000000000000119 /* Assets.xcassets in Resources */ = {isa = PBXBuildFile; fileRef = 000000000000000000000219 /* Assets.xcassets */; };
/* End PBXBuildFile section */

/* Begin PBXFileReference section */
		000000000000000000000005 /* Piano transcribe.app */ = {isa = PBXFileReference; explicitFileType = wrapper.application; includeInIndex = 0; path = "Piano transcribe.app"; sourceTree = BUILT_PRODUCTS_DIR; };
		000000000000000000000201 /* PianoTranscribeApp.swift */ = {isa = PBXFileReference; lastKnownFileType = sourcecode.swift; path = PianoTranscribeApp.swift; sourceTree = "<group>"; };
		000000000000000000000202 /* TranscriptionStatus.swift */ = {isa = PBXFileReference; lastKnownFileType = sourcecode.swift; path = TranscriptionStatus.swift; sourceTree = "<group>"; };
		000000000000000000000203 /* TranscriptionJob.swift */ = {isa = PBXFileReference; lastKnownFileType = sourcecode.swift; path = TranscriptionJob.swift; sourceTree = "<group>"; };
		000000000000000000000204 /* TranskunDevice.swift */ = {isa = PBXFileReference; lastKnownFileType = sourcecode.swift; path = TranskunDevice.swift; sourceTree = "<group>"; };
		000000000000000000000217 /* OutputDestinationMode.swift */ = {isa = PBXFileReference; lastKnownFileType = sourcecode.swift; path = OutputDestinationMode.swift; sourceTree = "<group>"; };
		000000000000000000000218 /* TranskunCheckpoint.swift */ = {isa = PBXFileReference; lastKnownFileType = sourcecode.swift; path = TranskunCheckpoint.swift; sourceTree = "<group>"; };
			000000000000000000000205 /* ProcessRunner.swift */ = {isa = PBXFileReference; lastKnownFileType = sourcecode.swift; path = ProcessRunner.swift; sourceTree = "<group>"; };
		000000000000000000000206 /* FileAccess.swift */ = {isa = PBXFileReference; lastKnownFileType = sourcecode.swift; path = FileAccess.swift; sourceTree = "<group>"; };
		000000000000000000000207 /* PythonBackendManager.swift */ = {isa = PBXFileReference; lastKnownFileType = sourcecode.swift; path = PythonBackendManager.swift; sourceTree = "<group>"; };
		000000000000000000000208 /* TranscriptionService.swift */ = {isa = PBXFileReference; lastKnownFileType = sourcecode.swift; path = TranscriptionService.swift; sourceTree = "<group>"; };
		000000000000000000000209 /* AppModel.swift */ = {isa = PBXFileReference; lastKnownFileType = sourcecode.swift; path = AppModel.swift; sourceTree = "<group>"; };
		000000000000000000000210 /* SupportedAudioTypes.swift */ = {isa = PBXFileReference; lastKnownFileType = sourcecode.swift; path = SupportedAudioTypes.swift; sourceTree = "<group>"; };
		000000000000000000000211 /* Locking.swift */ = {isa = PBXFileReference; lastKnownFileType = sourcecode.swift; path = Locking.swift; sourceTree = "<group>"; };
		000000000000000000000212 /* ContentView.swift */ = {isa = PBXFileReference; lastKnownFileType = sourcecode.swift; path = ContentView.swift; sourceTree = "<group>"; };
		000000000000000000000213 /* DropZoneView.swift */ = {isa = PBXFileReference; lastKnownFileType = sourcecode.swift; path = DropZoneView.swift; sourceTree = "<group>"; };
		000000000000000000000214 /* StatusView.swift */ = {isa = PBXFileReference; lastKnownFileType = sourcecode.swift; path = StatusView.swift; sourceTree = "<group>"; };
		000000000000000000000215 /* LogView.swift */ = {isa = PBXFileReference; lastKnownFileType = sourcecode.swift; path = LogView.swift; sourceTree = "<group>"; };
		000000000000000000000216 /* SettingsView.swift */ = {isa = PBXFileReference; lastKnownFileType = sourcecode.swift; path = SettingsView.swift; sourceTree = "<group>"; };
		000000000000000000000219 /* Assets.xcassets */ = {isa = PBXFileReference; lastKnownFileType = folder.assetcatalog; path = Assets.xcassets; sourceTree = "<group>"; };
/* End PBXFileReference section */

/* Begin PBXFrameworksBuildPhase section */
		000000000000000000000008 /* Frameworks */ = {
			isa = PBXFrameworksBuildPhase;
			buildActionMask = 2147483647;
			files = (
			);
			runOnlyForDeploymentPostprocessing = 0;
		};
/* End PBXFrameworksBuildPhase section */

/* Begin PBXGroup section */
		000000000000000000000003 = {
			isa = PBXGroup;
			children = (
				000000000000000000000306 /* PianoTranscribe */,
				000000000000000000000004 /* Products */,
			);
			sourceTree = "<group>";
		};
		000000000000000000000004 /* Products */ = {
			isa = PBXGroup;
			children = (
				000000000000000000000005 /* Piano transcribe.app */,
			);
			name = Products;
			sourceTree = "<group>";
		};
		000000000000000000000301 /* App */ = {
			isa = PBXGroup;
			children = (
				000000000000000000000201 /* PianoTranscribeApp.swift */,
			);
			path = App;
			sourceTree = "<group>";
		};
		000000000000000000000302 /* Models */ = {
			isa = PBXGroup;
			children = (
				000000000000000000000202 /* TranscriptionStatus.swift */,
				000000000000000000000203 /* TranscriptionJob.swift */,
				000000000000000000000204 /* TranskunDevice.swift */,
				000000000000000000000217 /* OutputDestinationMode.swift */,
				000000000000000000000218 /* TranskunCheckpoint.swift */,
			);
			path = Models;
			sourceTree = "<group>";
		};
		000000000000000000000303 /* Services */ = {
			isa = PBXGroup;
			children = (
					000000000000000000000205 /* ProcessRunner.swift */,
				000000000000000000000206 /* FileAccess.swift */,
				000000000000000000000207 /* PythonBackendManager.swift */,
				000000000000000000000208 /* TranscriptionService.swift */,
				000000000000000000000209 /* AppModel.swift */,
			);
			path = Services;
			sourceTree = "<group>";
		};
		000000000000000000000304 /* Support */ = {
			isa = PBXGroup;
			children = (
				000000000000000000000210 /* SupportedAudioTypes.swift */,
				000000000000000000000211 /* Locking.swift */,
			);
			path = Support;
			sourceTree = "<group>";
		};
		000000000000000000000305 /* Views */ = {
			isa = PBXGroup;
			children = (
				000000000000000000000212 /* ContentView.swift */,
				000000000000000000000213 /* DropZoneView.swift */,
				000000000000000000000214 /* StatusView.swift */,
				000000000000000000000215 /* LogView.swift */,
				000000000000000000000216 /* SettingsView.swift */,
			);
			path = Views;
			sourceTree = "<group>";
		};
		000000000000000000000306 /* PianoTranscribe */ = {
			isa = PBXGroup;
			children = (
				000000000000000000000301 /* App */,
				000000000000000000000302 /* Models */,
				000000000000000000000303 /* Services */,
				000000000000000000000304 /* Support */,
				000000000000000000000305 /* Views */,
				000000000000000000000219 /* Assets.xcassets */,
			);
			path = PianoTranscribe;
			sourceTree = "<group>";
		};
/* End PBXGroup section */

/* Begin PBXNativeTarget section */
		000000000000000000000002 /* PianoTranscribe */ = {
			isa = PBXNativeTarget;
			buildConfigurationList = 000000000000000000000502 /* Build configuration list for PBXNativeTarget "PianoTranscribe" */;
			buildPhases = (
				000000000000000000000006 /* Sources */,
				000000000000000000000008 /* Frameworks */,
				000000000000000000000007 /* Resources */,
			);
			buildRules = (
			);
			dependencies = (
			);
			name = PianoTranscribe;
			productName = "Piano transcribe";
			productReference = 000000000000000000000005 /* Piano transcribe.app */;
			productType = "com.apple.product-type.application";
		};
/* End PBXNativeTarget section */

/* Begin PBXProject section */
		000000000000000000000001 /* Project object */ = {
			isa = PBXProject;
			attributes = {
				BuildIndependentTargetsInParallel = 1;
				LastSwiftUpdateCheck = 2640;
				LastUpgradeCheck = 2640;
				TargetAttributes = {
					000000000000000000000002 = {
						CreatedOnToolsVersion = 26.4.1;
					};
				};
			};
			buildConfigurationList = 000000000000000000000501 /* Build configuration list for PBXProject "PianoTranscribe" */;
			compatibilityVersion = "Xcode 14.0";
			developmentRegion = en;
			hasScannedForEncodings = 0;
			knownRegions = (
				en,
				Base,
			);
			mainGroup = 000000000000000000000003;
			productRefGroup = 000000000000000000000004 /* Products */;
			projectDirPath = "";
			projectRoot = "";
			targets = (
				000000000000000000000002 /* PianoTranscribe */,
			);
		};
/* End PBXProject section */

/* Begin PBXResourcesBuildPhase section */
		000000000000000000000007 /* Resources */ = {
			isa = PBXResourcesBuildPhase;
			buildActionMask = 2147483647;
			files = (
				000000000000000000000119 /* Assets.xcassets in Resources */,
			);
			runOnlyForDeploymentPostprocessing = 0;
		};
/* End PBXResourcesBuildPhase section */

/* Begin PBXSourcesBuildPhase section */
		000000000000000000000006 /* Sources */ = {
			isa = PBXSourcesBuildPhase;
			buildActionMask = 2147483647;
			files = (
				000000000000000000000101 /* PianoTranscribeApp.swift in Sources */,
				000000000000000000000102 /* TranscriptionStatus.swift in Sources */,
				000000000000000000000103 /* TranscriptionJob.swift in Sources */,
				000000000000000000000104 /* TranskunDevice.swift in Sources */,
				000000000000000000000117 /* OutputDestinationMode.swift in Sources */,
				000000000000000000000118 /* TranskunCheckpoint.swift in Sources */,
					000000000000000000000105 /* ProcessRunner.swift in Sources */,
				000000000000000000000106 /* FileAccess.swift in Sources */,
				000000000000000000000107 /* PythonBackendManager.swift in Sources */,
				000000000000000000000108 /* TranscriptionService.swift in Sources */,
				000000000000000000000109 /* AppModel.swift in Sources */,
				000000000000000000000110 /* SupportedAudioTypes.swift in Sources */,
				000000000000000000000111 /* Locking.swift in Sources */,
				000000000000000000000112 /* ContentView.swift in Sources */,
				000000000000000000000113 /* DropZoneView.swift in Sources */,
				000000000000000000000114 /* StatusView.swift in Sources */,
				000000000000000000000115 /* LogView.swift in Sources */,
				000000000000000000000116 /* SettingsView.swift in Sources */,
			);
			runOnlyForDeploymentPostprocessing = 0;
		};
/* End PBXSourcesBuildPhase section */

/* Begin XCBuildConfiguration section */
		000000000000000000000401 /* Debug */ = {
			isa = XCBuildConfiguration;
			buildSettings = {
				ALWAYS_SEARCH_USER_PATHS = NO;
				CLANG_ANALYZER_NONNULL = YES;
				CLANG_ANALYZER_NUMBER_OBJECT_CONVERSION = YES_AGGRESSIVE;
				CLANG_CXX_LANGUAGE_STANDARD = "gnu++20";
				CLANG_ENABLE_MODULES = YES;
				CLANG_ENABLE_OBJC_ARC = YES;
				CLANG_ENABLE_OBJC_WEAK = YES;
				CLANG_WARN_BLOCK_CAPTURE_AUTORELEASING = YES;
				CLANG_WARN_BOOL_CONVERSION = YES;
				CLANG_WARN_COMMA = YES;
				CLANG_WARN_CONSTANT_CONVERSION = YES;
				CLANG_WARN_DEPRECATED_OBJC_IMPLEMENTATIONS = YES;
				CLANG_WARN_DIRECT_OBJC_ISA_USAGE = YES_ERROR;
				CLANG_WARN_DOCUMENTATION_COMMENTS = YES;
				CLANG_WARN_EMPTY_BODY = YES;
				CLANG_WARN_ENUM_CONVERSION = YES;
				CLANG_WARN_INFINITE_RECURSION = YES;
				CLANG_WARN_INT_CONVERSION = YES;
				CLANG_WARN_NON_LITERAL_NULL_CONVERSION = YES;
				CLANG_WARN_OBJC_IMPLICIT_RETAIN_SELF = YES;
				CLANG_WARN_OBJC_LITERAL_CONVERSION = YES;
				CLANG_WARN_OBJC_ROOT_CLASS = YES_ERROR;
				CLANG_WARN_QUOTED_INCLUDE_IN_FRAMEWORK_HEADER = YES;
				CLANG_WARN_RANGE_LOOP_ANALYSIS = YES;
				CLANG_WARN_STRICT_PROTOTYPES = YES;
				CLANG_WARN_SUSPICIOUS_MOVE = YES;
				CLANG_WARN_UNGUARDED_AVAILABILITY = YES_AGGRESSIVE;
				CLANG_WARN_UNREACHABLE_CODE = YES;
				CLANG_WARN__DUPLICATE_METHOD_MATCH = YES;
				COPY_PHASE_STRIP = NO;
				DEBUG_INFORMATION_FORMAT = dwarf;
				ENABLE_STRICT_OBJC_MSGSEND = YES;
				ENABLE_TESTABILITY = YES;
				ENABLE_USER_SCRIPT_SANDBOXING = YES;
				GCC_C_LANGUAGE_STANDARD = gnu17;
				GCC_DYNAMIC_NO_PIC = NO;
				GCC_NO_COMMON_BLOCKS = YES;
				GCC_OPTIMIZATION_LEVEL = 0;
				GCC_PREPROCESSOR_DEFINITIONS = (
					"DEBUG=1",
					"$(inherited)",
				);
				GCC_WARN_64_TO_32_BIT_CONVERSION = YES;
				GCC_WARN_ABOUT_RETURN_TYPE = YES_ERROR;
				GCC_WARN_UNDECLARED_SELECTOR = YES;
				GCC_WARN_UNINITIALIZED_AUTOS = YES_AGGRESSIVE;
				GCC_WARN_UNUSED_FUNCTION = YES;
				GCC_WARN_UNUSED_VARIABLE = YES;
				MACOSX_DEPLOYMENT_TARGET = 26.0;
				MTL_ENABLE_DEBUG_INFO = INCLUDE_SOURCE;
				MTL_FAST_MATH = YES;
				ONLY_ACTIVE_ARCH = YES;
				SDKROOT = macosx;
				SWIFT_ACTIVE_COMPILATION_CONDITIONS = DEBUG;
				SWIFT_OPTIMIZATION_LEVEL = "-Onone";
			};
			name = Debug;
		};
		000000000000000000000402 /* Release */ = {
			isa = XCBuildConfiguration;
			buildSettings = {
				ALWAYS_SEARCH_USER_PATHS = NO;
				CLANG_ANALYZER_NONNULL = YES;
				CLANG_ANALYZER_NUMBER_OBJECT_CONVERSION = YES_AGGRESSIVE;
				CLANG_CXX_LANGUAGE_STANDARD = "gnu++20";
				CLANG_ENABLE_MODULES = YES;
				CLANG_ENABLE_OBJC_ARC = YES;
				CLANG_ENABLE_OBJC_WEAK = YES;
				CLANG_WARN_BLOCK_CAPTURE_AUTORELEASING = YES;
				CLANG_WARN_BOOL_CONVERSION = YES;
				CLANG_WARN_COMMA = YES;
				CLANG_WARN_CONSTANT_CONVERSION = YES;
				CLANG_WARN_DEPRECATED_OBJC_IMPLEMENTATIONS = YES;
				CLANG_WARN_DIRECT_OBJC_ISA_USAGE = YES_ERROR;
				CLANG_WARN_DOCUMENTATION_COMMENTS = YES;
				CLANG_WARN_EMPTY_BODY = YES;
				CLANG_WARN_ENUM_CONVERSION = YES;
				CLANG_WARN_INFINITE_RECURSION = YES;
				CLANG_WARN_INT_CONVERSION = YES;
				CLANG_WARN_NON_LITERAL_NULL_CONVERSION = YES;
				CLANG_WARN_OBJC_IMPLICIT_RETAIN_SELF = YES;
				CLANG_WARN_OBJC_LITERAL_CONVERSION = YES;
				CLANG_WARN_OBJC_ROOT_CLASS = YES_ERROR;
				CLANG_WARN_QUOTED_INCLUDE_IN_FRAMEWORK_HEADER = YES;
				CLANG_WARN_RANGE_LOOP_ANALYSIS = YES;
				CLANG_WARN_STRICT_PROTOTYPES = YES;
				CLANG_WARN_SUSPICIOUS_MOVE = YES;
				CLANG_WARN_UNGUARDED_AVAILABILITY = YES_AGGRESSIVE;
				CLANG_WARN_UNREACHABLE_CODE = YES;
				CLANG_WARN__DUPLICATE_METHOD_MATCH = YES;
				COPY_PHASE_STRIP = NO;
				DEBUG_INFORMATION_FORMAT = "dwarf-with-dsym";
				ENABLE_NS_ASSERTIONS = NO;
				ENABLE_STRICT_OBJC_MSGSEND = YES;
				ENABLE_USER_SCRIPT_SANDBOXING = YES;
				GCC_C_LANGUAGE_STANDARD = gnu17;
				GCC_NO_COMMON_BLOCKS = YES;
				GCC_WARN_64_TO_32_BIT_CONVERSION = YES;
				GCC_WARN_ABOUT_RETURN_TYPE = YES_ERROR;
				GCC_WARN_UNDECLARED_SELECTOR = YES;
				GCC_WARN_UNINITIALIZED_AUTOS = YES_AGGRESSIVE;
				GCC_WARN_UNUSED_FUNCTION = YES;
				GCC_WARN_UNUSED_VARIABLE = YES;
				MACOSX_DEPLOYMENT_TARGET = 26.0;
				MTL_ENABLE_DEBUG_INFO = NO;
				MTL_FAST_MATH = YES;
				SDKROOT = macosx;
				SWIFT_COMPILATION_MODE = wholemodule;
				SWIFT_OPTIMIZATION_LEVEL = "-O";
			};
			name = Release;
		};
		000000000000000000000403 /* Debug */ = {
			isa = XCBuildConfiguration;
			buildSettings = {
					ASSETCATALOG_COMPILER_APPICON_NAME = AppIcon;
					ARCHS = arm64;
				ASSETCATALOG_COMPILER_GENERATE_SWIFT_ASSET_SYMBOL_EXTENSIONS = YES;
				CODE_SIGN_ENTITLEMENTS = Packaging/entitlements.plist;
				CODE_SIGN_IDENTITY = "-";
				CODE_SIGN_STYLE = Manual;
				COMBINE_HIDPI_IMAGES = YES;
					CURRENT_PROJECT_VERSION = 2;
				DEVELOPMENT_TEAM = "";
				ENABLE_HARDENED_RUNTIME = YES;
				ENABLE_PREVIEWS = YES;
				GENERATE_INFOPLIST_FILE = YES;
				INFOPLIST_KEY_CFBundleDisplayName = "Piano transcribe";
				INFOPLIST_KEY_LSApplicationCategoryType = "public.app-category.music";
				INFOPLIST_KEY_LSMinimumSystemVersion = 26.0;
				INFOPLIST_KEY_NSHumanReadableCopyright = "";
				INFOPLIST_KEY_NSPrincipalClass = NSApplication;
				LD_RUNPATH_SEARCH_PATHS = (
					"$(inherited)",
					"@executable_path/../Frameworks",
				);
				MACOSX_DEPLOYMENT_TARGET = 26.0;
					MARKETING_VERSION = 2.0.0;
				PRODUCT_BUNDLE_IDENTIFIER = com.filipjaskovic.PianoTranscribe;
				PRODUCT_NAME = "Piano transcribe";
					SWIFT_STRICT_CONCURRENCY = complete;
				SWIFT_VERSION = 6.0;
				WRAPPER_EXTENSION = app;
			};
			name = Debug;
		};
		000000000000000000000404 /* Release */ = {
			isa = XCBuildConfiguration;
			buildSettings = {
					ASSETCATALOG_COMPILER_APPICON_NAME = AppIcon;
					ARCHS = arm64;
				ASSETCATALOG_COMPILER_GENERATE_SWIFT_ASSET_SYMBOL_EXTENSIONS = YES;
				CODE_SIGN_ENTITLEMENTS = Packaging/entitlements.plist;
				CODE_SIGN_IDENTITY = "-";
				CODE_SIGN_INJECT_BASE_ENTITLEMENTS = NO;
				CODE_SIGN_STYLE = Manual;
				COMBINE_HIDPI_IMAGES = YES;
					CURRENT_PROJECT_VERSION = 2;
				DEVELOPMENT_TEAM = "";
				ENABLE_HARDENED_RUNTIME = YES;
				GENERATE_INFOPLIST_FILE = YES;
				INFOPLIST_KEY_CFBundleDisplayName = "Piano transcribe";
				INFOPLIST_KEY_LSApplicationCategoryType = "public.app-category.music";
				INFOPLIST_KEY_LSMinimumSystemVersion = 26.0;
				INFOPLIST_KEY_NSHumanReadableCopyright = "";
				INFOPLIST_KEY_NSPrincipalClass = NSApplication;
				LD_RUNPATH_SEARCH_PATHS = (
					"$(inherited)",
					"@executable_path/../Frameworks",
				);
				MACOSX_DEPLOYMENT_TARGET = 26.0;
					MARKETING_VERSION = 2.0.0;
				PRODUCT_BUNDLE_IDENTIFIER = com.filipjaskovic.PianoTranscribe;
				PRODUCT_NAME = "Piano transcribe";
					SWIFT_STRICT_CONCURRENCY = complete;
				SWIFT_VERSION = 6.0;
				WRAPPER_EXTENSION = app;
			};
			name = Release;
		};
/* End XCBuildConfiguration section */

/* Begin XCConfigurationList section */
		000000000000000000000501 /* Build configuration list for PBXProject "PianoTranscribe" */ = {
			isa = XCConfigurationList;
			buildConfigurations = (
				000000000000000000000401 /* Debug */,
				000000000000000000000402 /* Release */,
			);
			defaultConfigurationIsVisible = 0;
			defaultConfigurationName = Release;
		};
		000000000000000000000502 /* Build configuration list for PBXNativeTarget "PianoTranscribe" */ = {
			isa = XCConfigurationList;
			buildConfigurations = (
				000000000000000000000403 /* Debug */,
				000000000000000000000404 /* Release */,
			);
			defaultConfigurationIsVisible = 0;
			defaultConfigurationName = Release;
		};
/* End XCConfigurationList section */
	};
	rootObject = 000000000000000000000001 /* Project object */;
}
